# THIS IS AN AUTOGENERATED FILE. DO NOT EDIT THIS FILE DIRECTLY.
# yarn lockfile v1


"@babel/helper-validator-identifier@^7.12.11":
  version "7.12.11"
  resolved "https://registry.npm.taobao.org/@babel/helper-validator-identifier/download/@babel/helper-validator-identifier-7.12.11.tgz?cache=0&sync_timestamp=1608076995361&other_urls=https%3A%2F%2Fregistry.npm.taobao.org%2F%40babel%2Fhelper-validator-identifier%2Fdownload%2F%40babel%2Fhelper-validator-identifier-7.12.11.tgz#c9a1f021917dcb5ccf0d4e453e399022981fc9ed"
  integrity sha1-yaHwIZF9y1zPDU5FPjmQIpgfye0=

"@babel/parser@^7.12.0":
  version "7.13.15"
  resolved "https://registry.npm.taobao.org/@babel/parser/download/@babel/parser-7.13.15.tgz#8e66775fb523599acb6a289e12929fa5ab0954d8"
  integrity sha1-jmZ3X7UjWZrLaiieEpKfpasJVNg=

"@babel/types@^7.12.0":
  version "7.13.14"
  resolved "https://registry.npm.taobao.org/@babel/types/download/@babel/types-7.13.14.tgz?cache=0&sync_timestamp=1617027383828&other_urls=https%3A%2F%2Fregistry.npm.taobao.org%2F%40babel%2Ftypes%2Fdownload%2F%40babel%2Ftypes-7.13.14.tgz#c35a4abb15c7cd45a2746d78ab328e362cbace0d"
  integrity sha1-w1pKuxXHzUWidG14qzKONiy6zg0=
  dependencies:
    "@babel/helper-validator-identifier" "^7.12.11"
    lodash "^4.17.19"
    to-fast-properties "^2.0.0"

"@rollup/pluginutils@^4.1.0":
  version "4.1.0"
  resolved "https://registry.npm.taobao.org/@rollup/pluginutils/download/@rollup/pluginutils-4.1.0.tgz?cache=0&sync_timestamp=1603767889260&other_urls=https%3A%2F%2Fregistry.npm.taobao.org%2F%40rollup%2Fpluginutils%2Fdownload%2F%40rollup%2Fpluginutils-4.1.0.tgz#0dcc61c780e39257554feb7f77207dceca13c838"
  integrity sha1-Dcxhx4DjkldVT+t/dyB9zsoTyDg=
  dependencies:
    estree-walker "^2.0.1"
    picomatch "^2.2.2"

"@vue/compiler-core@3.0.11":
  version "3.0.11"
  resolved "https://registry.npm.taobao.org/@vue/compiler-core/download/@vue/compiler-core-3.0.11.tgz?cache=0&sync_timestamp=1617321553533&other_urls=https%3A%2F%2Fregistry.npm.taobao.org%2F%40vue%2Fcompiler-core%2Fdownload%2F%40vue%2Fcompiler-core-3.0.11.tgz#5ef579e46d7b336b8735228758d1c2c505aae69a"
  integrity sha1-XvV55G17M2uHNSKHWNHCxQWq5po=
  dependencies:
    "@babel/parser" "^7.12.0"
    "@babel/types" "^7.12.0"
    "@vue/shared" "3.0.11"
    estree-walker "^2.0.1"
    source-map "^0.6.1"

"@vue/compiler-dom@^3.0.11":
  version "3.0.11"
  resolved "https://registry.npm.taobao.org/@vue/compiler-dom/download/@vue/compiler-dom-3.0.11.tgz#b15fc1c909371fd671746020ba55b5dab4a730ee"
  integrity sha1-sV/ByQk3H9ZxdGAgulW12rSnMO4=
  dependencies:
    "@vue/compiler-core" "3.0.11"
    "@vue/shared" "3.0.11"

"@vue/shared@3.0.11":
  version "3.0.11"
  resolved "https://registry.npm.taobao.org/@vue/shared/download/@vue/shared-3.0.11.tgz?cache=0&sync_timestamp=1617321555263&other_urls=https%3A%2F%2Fregistry.npm.taobao.org%2F%40vue%2Fshared%2Fdownload%2F%40vue%2Fshared-3.0.11.tgz#20d22dd0da7d358bb21c17f9bde8628152642c77"
  integrity sha1-INIt0Np9NYuyHBf5vehigVJkLHc=

estree-walker@^2.0.1:
  version "2.0.2"
  resolved "https://registry.npm.taobao.org/estree-walker/download/estree-walker-2.0.2.tgz?cache=0&sync_timestamp=1611956983677&other_urls=https%3A%2F%2Fregistry.npm.taobao.org%2Festree-walker%2Fdownload%2Festree-walker-2.0.2.tgz#52f010178c2a4c117a7757cfe942adb7d2da4cac"
  integrity sha1-UvAQF4wqTBF6d1fP6UKtt9LaTKw=

lodash@^4.17.19:
  version "4.17.21"
  resolved "https://registry.npm.taobao.org/lodash/download/lodash-4.17.21.tgz?cache=0&sync_timestamp=1613835838133&other_urls=https%3A%2F%2Fregistry.npm.taobao.org%2Flodash%2Fdownload%2Flodash-4.17.21.tgz#679591c564c3bffaae8454cf0b3df370c3d6911c"
  integrity sha1-Z5WRxWTDv/quhFTPCz3zcMPWkRw=

picomatch@^2.2.2:
  version "2.2.3"
  resolved "https://registry.npm.taobao.org/picomatch/download/picomatch-2.2.3.tgz#465547f359ccc206d3c48e46a1bcb89bf7ee619d"
  integrity sha1-RlVH81nMwgbTxI5Goby4m/fuYZ0=

source-map@^0.6.1:
  version "0.6.1"
  resolved "https://registry.npm.taobao.org/source-map/download/source-map-0.6.1.tgz?cache=0&sync_timestamp=1589682764497&other_urls=https%3A%2F%2Fregistry.npm.taobao.org%2Fsource-map%2Fdownload%2Fsource-map-0.6.1.tgz#74722af32e9614e9c287a8d0bbde48b5e2f1a263"
  integrity sha1-dHIq8y6WFOnCh6jQu95IteLxomM=

to-fast-properties@^2.0.0:
  version "2.0.0"
  resolved "https://registry.npm.taobao.org/to-fast-properties/download/to-fast-properties-2.0.0.tgz#dc5e698cbd079265bc73e0377681a4e4e83f616e"
  integrity sha1-3F5pjL0HkmW8c+A3doGk5Og/YW4=
